{
  "lockfileVersion": 1,
  "workspaces": {
    "": {
      "name": "zsentinel",
      "devDependencies": {
        "@ast-grep/napi": "^0.41.0",
        "@types/node": "^22.0.0",
        "typescript": "^5.7.0",
      },
    },
  },
  "packages": {
    "@ast-grep/napi": ["@ast-grep/napi@0.41.0", "", { "optionalDependencies": { "@ast-grep/napi-darwin-arm64": "0.41.0", "@ast-grep/napi-darwin-x64": "0.41.0", "@ast-grep/napi-linux-arm64-gnu": "0.41.0", "@ast-grep/napi-linux-arm64-musl": "0.41.0", "@ast-grep/napi-linux-x64-gnu": "0.41.0", "@ast-grep/napi-linux-x64-musl": "0.41.0", "@ast-grep/napi-win32-arm64-msvc": "0.41.0", "@ast-grep/napi-win32-ia32-msvc": "0.41.0", "@ast-grep/napi-win32-x64-msvc": "0.41.0" } }, "sha512-3kK6hCxyinsxZIM6p/gWoN33v0GgxBXU6uDbM/J2j3t7f9lXRvA1J+8HeiemCtXNA75H1EK5Oo7/E28HOhYHDg=="],

    "@ast-grep/napi-darwin-arm64": ["@ast-grep/napi-darwin-arm64@0.41.0", "", { "os": "darwin", "cpu": "arm64" }, "sha512-SoAzCj1o9/mdtOdj6pZI1qpZkfncd+2DsWAa2ZmoomKc7CFKCzPniJtThXeOq+IJKcufS8zFGbk57ScMpDgd5A=="],

    "@ast-grep/napi-darwin-x64": ["@ast-grep/napi-darwin-x64@0.41.0", "", { "os": "darwin", "cpu": "x64" }, "sha512-SSQeJzm19nNQ+caTgLLFgmhhjhyL8C+8yDSYSYYwOwqkj/Zx5sZHFvND2f8XeOM9Tey7Lkvaf1Prp4l/NwrskA=="],

    "@ast-grep/napi-linux-arm64-gnu": ["@ast-grep/napi-linux-arm64-gnu@0.41.0", "", { "os": "linux", "cpu": "arm64" }, "sha512-Td7ciWtsbuYlFV4OC8bg7s+DexXsGLy29yKJqI1ZvoE+9SpWPdFVojeIu9qiQinGh27uggOAZ25WCROnZ2kJpw=="],

    "@ast-grep/napi-linux-arm64-musl": ["@ast-grep/napi-linux-arm64-musl@0.41.0", "", { "os": "linux", "cpu": "arm64" }, "sha512-2wx0SfNZ7eBJN40ne9ncuODoU8ck85wXJ94WV40Ol8Pr4owtrd1yFXQqZTMrq5xYcf4Z3yQWwmEhaH6TJAoBbg=="],

    "@ast-grep/napi-linux-x64-gnu": ["@ast-grep/napi-linux-x64-gnu@0.41.0", "", { "os": "linux", "cpu": "x64" }, "sha512-OzaoOpW4/uX9T5D6h2mXCncCaQ+Ph/hzzH3c91ozNrFYqsQ7MDS04PUhRJQ4Z79H4yuXx2jkbXaj3+ZNR3DP6g=="],

    "@ast-grep/napi-linux-x64-musl": ["@ast-grep/napi-linux-x64-musl@0.41.0", "", { "os": "linux", "cpu": "x64" }, "sha512-Oeg3BhOC+FA32mW3FHfXXW/AelvicfRhQIrWq5YNS44Sdy9scA34b2FiBPLaj4dHwBgg3ebEfDgmiYBQOMkXaw=="],

    "@ast-grep/napi-win32-arm64-msvc": ["@ast-grep/napi-win32-arm64-msvc@0.41.0", "", { "os": "win32", "cpu": "arm64" }, "sha512-6rE9lQbey3rRfr3wQxrfGMcLeyNRydjA4rfdfAciWQApQ+lat5QI7tlgqPqo5EKITUNwap6YY+IxfwBxsLbHYg=="],

    "@ast-grep/napi-win32-ia32-msvc": ["@ast-grep/napi-win32-ia32-msvc@0.41.0", "", { "os": "win32", "cpu": "ia32" }, "sha512-ITtAD7tI3/vImz13wJUUns3UDIsrE3d2/JhhLN3CE1YqNItuNoW53nWqR3YcC/KsfSJnDddD6R0gMVkmlXapAg=="],

    "@ast-grep/napi-win32-x64-msvc": ["@ast-grep/napi-win32-x64-msvc@0.41.0", "", { "os": "win32", "cpu": "x64" }, "sha512-DSqDh4KJ5+8x+gfAtWdXdeRpGfTjgm00kTW/pqUxhMdW6DVShMSDrFR+lj3dL9FmzMrwVGb+mcN8dWNqGA85Cw=="],

    "@types/node": ["@types/node@22.19.11", "", { "dependencies": { "undici-types": "~6.21.0" } }, "sha512-BH7YwL6rA93ReqeQS1c4bsPpcfOmJasG+Fkr6Y59q83f9M1WcBRHR2vM+P9eOisYRcN3ujQoiZY8uk5W+1WL8w=="],

    "typescript": ["typescript@5.9.3", "", { "bin": { "tsc": "bin/tsc", "tsserver": "bin/tsserver" } }, "sha512-jl1vZzPDinLr9eUt3J/t7V6FgNEw9QjvBPdysz9KfQDD41fQrC2Y4vKQdiaUpFT4bXlb1RHhLpp8wtm6M5TgSw=="],

    "undici-types": ["undici-types@6.21.0", "", {}, "sha512-iwDZqg0QAGrg9Rav5H4n0M64c3mkR59cJ6wQp+7C4nI0gsmExaedaYLNO44eT4AtBBwjbTiGPMlt2Md0T9H9JQ=="],
  }
}
